github.com/tplx/fnc v0.0.0-20190428145042-605b0c757a67 h1:tmPQHK47h7oyM48yWQVj3RZ4D0ApMPC16QbRJicBk9I=
github.com/tplx/fnc v0.0.0-20190428145042-605b0c757a67/go.mod h1:VWXI1ptLP5tJDo5zoulYXbbu6eSq3XGQBnkw+GVVxJI=
github.com/tplx/fnc v0.0.0-20190517083318-78810e29b756 h1:0zTwss1WUdDZkF4h0xdCTEAarfqiz8oKCN1NKFUsLN4=
github.com/tplx/fnc v0.0.0-20190517083318-78810e29b756/go.mod h1:VWXI1ptLP5tJDo5zoulYXbbu6eSq3XGQBnkw+GVVxJI=
github.com/tplx/fnc v0.0.0-20190610190811-0c0fbda5189e h1:hosK+kE5/13CUnSl4Wpo2s4cN+47+TDl/2IW9JtG0nI=
github.com/tplx/fnc v0.0.0-20190610190811-0c0fbda5189e/go.mod h1:VWXI1ptLP5tJDo5zoulYXbbu6eSq3XGQBnkw+GVVxJI=
